
Microsoft Visual Studio Solution File, Format Version 12.00
# Visual Studio Version 16
VisualStudioVersion = 16.0.31019.35
MinimumVisualStudioVersion = 10.0.40219.1
Project("{FAE04EC0-301F-11D3-BF4B-00C04F79EFBC}") = "Kata.Domain", "Kata.Domain\Kata.Domain.csproj", "{4E43FC3E-870D-494D-AAF3-240E3C6811D2}"
EndProject
Project("{FAE04EC0-301F-11D3-BF4B-00C04F79EFBC}") = "Kata.Main", "Kata.Main\Kata.Main.csproj", "{EECC71DC-44EB-4595-BF60-EBC44D444CCB}"
EndProject
Project("{FAE04EC0-301F-11D3-BF4B-00C04F79EFBC}") = "Kata.Data", "Kata.Data\Kata.Data.csproj", "{C367C6AC-55CF-4657-929E-285CAF0C52D0}"
EndProject
Project("{FAE04EC0-301F-11D3-BF4B-00C04F79EFBC}") = "KataPrice.Test", "KataPrice.Test\KataPrice.Test.csproj", "{988239B1-D359-48EC-B2BA-8591E5741E02}"
EndProject
Global
	GlobalSection(SolutionConfigurationPlatforms) = preSolution
		Debug|Any CPU = Debug|Any CPU
		Release|Any CPU = Release|Any CPU
	EndGlobalSection
	GlobalSection(ProjectConfigurationPlatforms) = postSolution
		{4E43FC3E-870D-494D-AAF3-240E3C6811D2}.Debug|Any CPU.ActiveCfg = Debug|Any CPU
		{4E43FC3E-870D-494D-AAF3-240E3C6811D2}.Debug|Any CPU.Build.0 = Debug|Any CPU
		{4E43FC3E-870D-494D-AAF3-240E3C6811D2}.Release|Any CPU.ActiveCfg = Release|Any CPU
		{4E43FC3E-870D-494D-AAF3-240E3C6811D2}.Release|Any CPU.Build.0 = Release|Any CPU
		{EECC71DC-44EB-4595-BF60-EBC44D444CCB}.Debug|Any CPU.ActiveCfg = Debug|Any CPU
		{EECC71DC-44EB-4595-BF60-EBC44D444CCB}.Debug|Any CPU.Build.0 = Debug|Any CPU
		{EECC71DC-44EB-4595-BF60-EBC44D444CCB}.Release|Any CPU.ActiveCfg = Release|Any CPU
		{EECC71DC-44EB-4595-BF60-EBC44D444CCB}.Release|Any CPU.Build.0 = Release|Any CPU
		{C367C6AC-55CF-4657-929E-285CAF0C52D0}.Debug|Any CPU.ActiveCfg = Debug|Any CPU
		{C367C6AC-55CF-4657-929E-285CAF0C52D0}.Debug|Any CPU.Build.0 = Debug|Any CPU
		{C367C6AC-55CF-4657-929E-285CAF0C52D0}.Release|Any CPU.ActiveCfg = Release|Any CPU
		{C367C6AC-55CF-4657-929E-285CAF0C52D0}.Release|Any CPU.Build.0 = Release|Any CPU
		{988239B1-D359-48EC-B2BA-8591E5741E02}.Debug|Any CPU.ActiveCfg = Debug|Any CPU
		{988239B1-D359-48EC-B2BA-8591E5741E02}.Debug|Any CPU.Build.0 = Debug|Any CPU
		{988239B1-D359-48EC-B2BA-8591E5741E02}.Release|Any CPU.ActiveCfg = Release|Any CPU
		{988239B1-D359-48EC-B2BA-8591E5741E02}.Release|Any CPU.Build.0 = Release|Any CPU
	EndGlobalSection
	GlobalSection(SolutionProperties) = preSolution
		HideSolutionNode = FALSE
	EndGlobalSection
	GlobalSection(ExtensibilityGlobals) = postSolution
		SolutionGuid = {E8644BCD-4AC3-4D27-8A5A-03ED155DFEB2}
	EndGlobalSection
EndGlobal
